
Microsoft Visual Studio Solution File, Format Version 12.00
# Visual Studio 2013
VisualStudioVersion = 12.0.40629.0
MinimumVisualStudioVersion = 10.0.40219.1
Project("{FAE04EC0-301F-11D3-BF4B-00C04F79EFBC}") = "conLibrary", "conLibrary\conLibrary\conLibrary.csproj", "{FC1E6CCE-4D37-4594-9F97-349A6B81F625}"
	ProjectSection(ProjectDependencies) = postProject
		{9BA51116-5911-4553-85F4-209B4C8BAC64} = {9BA51116-5911-4553-85F4-209B4C8BAC64}
		{0824A22B-C33F-48B2-840F-86B2EA252A42} = {0824A22B-C33F-48B2-840F-86B2EA252A42}
		{62AC212C-F098-44BE-81F1-1703E233D965} = {62AC212C-F098-44BE-81F1-1703E233D965}
		{FE05CB4C-D508-41C6-B247-1875EE5B92E9} = {FE05CB4C-D508-41C6-B247-1875EE5B92E9}
		{1A107CA0-0632-4F57-AD0D-7E30F918CBF5} = {1A107CA0-0632-4F57-AD0D-7E30F918CBF5}
	EndProjectSection
EndProject
Project("{FAE04EC0-301F-11D3-BF4B-00C04F79EFBC}") = "EFISA95", "EFISA95\EFISA95.csproj", "{96BCBDCE-A4E2-4AFD-9176-9C8AB25C0211}"
EndProject
Project("{FAE04EC0-301F-11D3-BF4B-00C04F79EFBC}") = "EFWagons", "EFWagons\EFWagons.csproj", "{1F4A574B-7D7C-40A7-86DB-9C61DE4B43FA}"
	ProjectSection(ProjectDependencies) = postProject
		{FE05CB4C-D508-41C6-B247-1875EE5B92E9} = {FE05CB4C-D508-41C6-B247-1875EE5B92E9}
	EndProjectSection
EndProject
Project("{FAE04EC0-301F-11D3-BF4B-00C04F79EFBC}") = "Test_EFRailWay", "Test_EFRailWay\Test_EFRailWay.csproj", "{46AE5FE8-2DE5-4972-8592-A5B639717F43}"
	ProjectSection(ProjectDependencies) = postProject
		{0824A22B-C33F-48B2-840F-86B2EA252A42} = {0824A22B-C33F-48B2-840F-86B2EA252A42}
	EndProjectSection
EndProject
Project("{FAE04EC0-301F-11D3-BF4B-00C04F79EFBC}") = "KIS", "KIS\KIS.csproj", "{9BA51116-5911-4553-85F4-209B4C8BAC64}"
	ProjectSection(ProjectDependencies) = postProject
		{0824A22B-C33F-48B2-840F-86B2EA252A42} = {0824A22B-C33F-48B2-840F-86B2EA252A42}
		{62AC212C-F098-44BE-81F1-1703E233D965} = {62AC212C-F098-44BE-81F1-1703E233D965}
		{FE05CB4C-D508-41C6-B247-1875EE5B92E9} = {FE05CB4C-D508-41C6-B247-1875EE5B92E9}
	EndProjectSection
EndProject
Project("{FAE04EC0-301F-11D3-BF4B-00C04F79EFBC}") = "EFRailWay", "EFRailWay\EFRailWay.csproj", "{0824A22B-C33F-48B2-840F-86B2EA252A42}"
	ProjectSection(ProjectDependencies) = postProject
		{FE05CB4C-D508-41C6-B247-1875EE5B92E9} = {FE05CB4C-D508-41C6-B247-1875EE5B92E9}
	EndProjectSection
EndProject
Project("{FAE04EC0-301F-11D3-BF4B-00C04F79EFBC}") = "Logs", "Logs\Logs.csproj", "{FE05CB4C-D508-41C6-B247-1875EE5B92E9}"
EndProject
Project("{FAE04EC0-301F-11D3-BF4B-00C04F79EFBC}") = "MetallurgTrans", "MetallurgTrans\MetallurgTrans.csproj", "{1A107CA0-0632-4F57-AD0D-7E30F918CBF5}"
	ProjectSection(ProjectDependencies) = postProject
		{62AC212C-F098-44BE-81F1-1703E233D965} = {62AC212C-F098-44BE-81F1-1703E233D965}
	EndProjectSection
EndProject
Project("{FAE04EC0-301F-11D3-BF4B-00C04F79EFBC}") = "TransferWagons", "TransferWagons\TransferWagons.csproj", "{62AC212C-F098-44BE-81F1-1703E233D965}"
EndProject
Project("{FAE04EC0-301F-11D3-BF4B-00C04F79EFBC}") = "Test_TransferWagons", "Test_TransferWagons\Test_TransferWagons.csproj", "{F47E5F08-F576-41DC-9C74-3577D5E226EF}"
	ProjectSection(ProjectDependencies) = postProject
		{0824A22B-C33F-48B2-840F-86B2EA252A42} = {0824A22B-C33F-48B2-840F-86B2EA252A42}
		{62AC212C-F098-44BE-81F1-1703E233D965} = {62AC212C-F098-44BE-81F1-1703E233D965}
		{1F4A574B-7D7C-40A7-86DB-9C61DE4B43FA} = {1F4A574B-7D7C-40A7-86DB-9C61DE4B43FA}
	EndProjectSection
EndProject
Project("{FAE04EC0-301F-11D3-BF4B-00C04F79EFBC}") = "RWServiceArrival", "RWServiceArrival\RWServiceArrival.csproj", "{829CC5A7-782E-4CB7-A6B6-3005C8F423CD}"
EndProject
Project("{FAE04EC0-301F-11D3-BF4B-00C04F79EFBC}") = "WebUI", "WebUI\WebUI.csproj", "{475499E2-4297-4325-BBE7-07DD0FD8AABB}"
	ProjectSection(ProjectDependencies) = postProject
		{0824A22B-C33F-48B2-840F-86B2EA252A42} = {0824A22B-C33F-48B2-840F-86B2EA252A42}
	EndProjectSection
EndProject
Global
	GlobalSection(SolutionConfigurationPlatforms) = preSolution
		Debug|Any CPU = Debug|Any CPU
		Release|Any CPU = Release|Any CPU
	EndGlobalSection
	GlobalSection(ProjectConfigurationPlatforms) = postSolution
		{FC1E6CCE-4D37-4594-9F97-349A6B81F625}.Debug|Any CPU.ActiveCfg = Debug|Any CPU
		{FC1E6CCE-4D37-4594-9F97-349A6B81F625}.Debug|Any CPU.Build.0 = Debug|Any CPU
		{FC1E6CCE-4D37-4594-9F97-349A6B81F625}.Release|Any CPU.ActiveCfg = Release|Any CPU
		{FC1E6CCE-4D37-4594-9F97-349A6B81F625}.Release|Any CPU.Build.0 = Release|Any CPU
		{96BCBDCE-A4E2-4AFD-9176-9C8AB25C0211}.Debug|Any CPU.ActiveCfg = Debug|Any CPU
		{96BCBDCE-A4E2-4AFD-9176-9C8AB25C0211}.Debug|Any CPU.Build.0 = Debug|Any CPU
		{96BCBDCE-A4E2-4AFD-9176-9C8AB25C0211}.Release|Any CPU.ActiveCfg = Release|Any CPU
		{96BCBDCE-A4E2-4AFD-9176-9C8AB25C0211}.Release|Any CPU.Build.0 = Release|Any CPU
		{1F4A574B-7D7C-40A7-86DB-9C61DE4B43FA}.Debug|Any CPU.ActiveCfg = Debug|Any CPU
		{1F4A574B-7D7C-40A7-86DB-9C61DE4B43FA}.Debug|Any CPU.Build.0 = Debug|Any CPU
		{1F4A574B-7D7C-40A7-86DB-9C61DE4B43FA}.Release|Any CPU.ActiveCfg = Release|Any CPU
		{1F4A574B-7D7C-40A7-86DB-9C61DE4B43FA}.Release|Any CPU.Build.0 = Release|Any CPU
		{46AE5FE8-2DE5-4972-8592-A5B639717F43}.Debug|Any CPU.ActiveCfg = Debug|Any CPU
		{46AE5FE8-2DE5-4972-8592-A5B639717F43}.Debug|Any CPU.Build.0 = Debug|Any CPU
		{46AE5FE8-2DE5-4972-8592-A5B639717F43}.Release|Any CPU.ActiveCfg = Release|Any CPU
		{46AE5FE8-2DE5-4972-8592-A5B639717F43}.Release|Any CPU.Build.0 = Release|Any CPU
		{9BA51116-5911-4553-85F4-209B4C8BAC64}.Debug|Any CPU.ActiveCfg = Debug|Any CPU
		{9BA51116-5911-4553-85F4-209B4C8BAC64}.Debug|Any CPU.Build.0 = Debug|Any CPU
		{9BA51116-5911-4553-85F4-209B4C8BAC64}.Release|Any CPU.ActiveCfg = Release|Any CPU
		{9BA51116-5911-4553-85F4-209B4C8BAC64}.Release|Any CPU.Build.0 = Release|Any CPU
		{0824A22B-C33F-48B2-840F-86B2EA252A42}.Debug|Any CPU.ActiveCfg = Debug|Any CPU
		{0824A22B-C33F-48B2-840F-86B2EA252A42}.Debug|Any CPU.Build.0 = Debug|Any CPU
		{0824A22B-C33F-48B2-840F-86B2EA252A42}.Release|Any CPU.ActiveCfg = Release|Any CPU
		{0824A22B-C33F-48B2-840F-86B2EA252A42}.Release|Any CPU.Build.0 = Release|Any CPU
		{FE05CB4C-D508-41C6-B247-1875EE5B92E9}.Debug|Any CPU.ActiveCfg = Debug|Any CPU
		{FE05CB4C-D508-41C6-B247-1875EE5B92E9}.Debug|Any CPU.Build.0 = Debug|Any CPU
		{FE05CB4C-D508-41C6-B247-1875EE5B92E9}.Release|Any CPU.ActiveCfg = Release|Any CPU
		{FE05CB4C-D508-41C6-B247-1875EE5B92E9}.Release|Any CPU.Build.0 = Release|Any CPU
		{1A107CA0-0632-4F57-AD0D-7E30F918CBF5}.Debug|Any CPU.ActiveCfg = Debug|Any CPU
		{1A107CA0-0632-4F57-AD0D-7E30F918CBF5}.Debug|Any CPU.Build.0 = Debug|Any CPU
		{1A107CA0-0632-4F57-AD0D-7E30F918CBF5}.Release|Any CPU.ActiveCfg = Release|Any CPU
		{1A107CA0-0632-4F57-AD0D-7E30F918CBF5}.Release|Any CPU.Build.0 = Release|Any CPU
		{62AC212C-F098-44BE-81F1-1703E233D965}.Debug|Any CPU.ActiveCfg = Debug|Any CPU
		{62AC212C-F098-44BE-81F1-1703E233D965}.Debug|Any CPU.Build.0 = Debug|Any CPU
		{62AC212C-F098-44BE-81F1-1703E233D965}.Release|Any CPU.ActiveCfg = Release|Any CPU
		{62AC212C-F098-44BE-81F1-1703E233D965}.Release|Any CPU.Build.0 = Release|Any CPU
		{F47E5F08-F576-41DC-9C74-3577D5E226EF}.Debug|Any CPU.ActiveCfg = Debug|Any CPU
		{F47E5F08-F576-41DC-9C74-3577D5E226EF}.Debug|Any CPU.Build.0 = Debug|Any CPU
		{F47E5F08-F576-41DC-9C74-3577D5E226EF}.Release|Any CPU.ActiveCfg = Release|Any CPU
		{F47E5F08-F576-41DC-9C74-3577D5E226EF}.Release|Any CPU.Build.0 = Release|Any CPU
		{829CC5A7-782E-4CB7-A6B6-3005C8F423CD}.Debug|Any CPU.ActiveCfg = Debug|Any CPU
		{829CC5A7-782E-4CB7-A6B6-3005C8F423CD}.Debug|Any CPU.Build.0 = Debug|Any CPU
		{829CC5A7-782E-4CB7-A6B6-3005C8F423CD}.Release|Any CPU.ActiveCfg = Release|Any CPU
		{829CC5A7-782E-4CB7-A6B6-3005C8F423CD}.Release|Any CPU.Build.0 = Release|Any CPU
		{475499E2-4297-4325-BBE7-07DD0FD8AABB}.Debug|Any CPU.ActiveCfg = Debug|Any CPU
		{475499E2-4297-4325-BBE7-07DD0FD8AABB}.Debug|Any CPU.Build.0 = Debug|Any CPU
		{475499E2-4297-4325-BBE7-07DD0FD8AABB}.Release|Any CPU.ActiveCfg = Release|Any CPU
		{475499E2-4297-4325-BBE7-07DD0FD8AABB}.Release|Any CPU.Build.0 = Release|Any CPU
	EndGlobalSection
	GlobalSection(SolutionProperties) = preSolution
		HideSolutionNode = FALSE
	EndGlobalSection
EndGlobal
